{
  "name": "ks-widget",
  "version": "0.0.1",
  "lockfileVersion": 1,
  "requires": true,
  "dependencies": {
    "@interactjs/actions": {
      "version": "1.4.9",
      "resolved": "https://registry.npmjs.org/@interactjs/actions/-/actions-1.4.9.tgz",
      "integrity": "sha512-ABzf4RKMdKdB5H1fN+h1o2ro9VvA3RdeP74k+kB49r3+dQ3L/uxu84eoVz+swyjcrxr+cluuY9SekS7lVU7DdQ=="
    },
    "@interactjs/auto-scroll": {
      "version": "1.4.9",
      "resolved": "https://registry.npmjs.org/@interactjs/auto-scroll/-/auto-scroll-1.4.9.tgz",
      "integrity": "sha512-DvCUqr+j72zAKmP2LjpAzxhJgXdO/TN5KG/FWp1CM3qAAyMt15aXz13i6lbv6Q7FgHGbhQZvT/7tAnBoUov6pA=="
    },
    "@interactjs/auto-start": {
      "version": "1.4.9",
      "resolved": "https://registry.npmjs.org/@interactjs/auto-start/-/auto-start-1.4.9.tgz",
      "integrity": "sha512-z0l6ydMzU2ZA+Cbi4H6ydtrLqHawhk+yzseTHM/fniYQinFW7N9uDGR69QFWVzIr3/YzFzfl0cTAKtVk9y9uRw=="
    },
    "@interactjs/core": {
      "version": "1.4.9",
      "resolved": "https://registry.npmjs.org/@interactjs/core/-/core-1.4.9.tgz",
      "integrity": "sha512-PGf9UuUGVkOHNwbW6QaM+uP4TC+IVtV/I/AC0+/q52KvcLYtwKoAX9Jxqm+pXyqpPmOyx5oPIJYqn3+8RdmHMw=="
    },
    "@interactjs/dev-tools": {
      "version": "1.4.9",
      "resolved": "https://registry.npmjs.org/@interactjs/dev-tools/-/dev-tools-1.4.9.tgz",
      "integrity": "sha512-XxIXVZXArsD5KFLYzZ4ZhZgfbP0BJIFA9wEGcbbZQnRdfR4k6D3nOWRpb9UXeKAPNdj3SIUVoxNtYvHk1TpSsg==",
      "requires": {
        "@interactjs/utils": "1.4.9"
      }
    },
    "@interactjs/inertia": {
      "version": "1.4.9",
      "resolved": "https://registry.npmjs.org/@interactjs/inertia/-/inertia-1.4.9.tgz",
      "integrity": "sha512-XTeFEoivxwFEpgc1vjHG2xBB1HW7HlXEYoL14thTyy7qH8wmm7U02CHCIXs/YyR4xE3S0NSNaNNZ6W1QnDxDwA=="
    },
    "@interactjs/interact": {
      "version": "1.4.9",
      "resolved": "https://registry.npmjs.org/@interactjs/interact/-/interact-1.4.9.tgz",
      "integrity": "sha512-SsdCA35wOkmaXObp/wudTRiuBTK4g0FUv5VKRERFJUvf/vcu2YRsJ2nq2qzlmJOejeYsfBZ4F093AsJKpViEXQ=="
    },
    "@interactjs/modifiers": {
      "version": "1.4.9",
      "resolved": "https://registry.npmjs.org/@interactjs/modifiers/-/modifiers-1.4.9.tgz",
      "integrity": "sha512-pey0B/EM5hiy6RjoXEcAu5SnE0323To6ovq1/7x6/FCJ/k/aYlLcPWFWBbwwYjifw/V7aDR5B/jcov++HM0kpw=="
    },
    "@interactjs/pointer-events": {
      "version": "1.4.9",
      "resolved": "https://registry.npmjs.org/@interactjs/pointer-events/-/pointer-events-1.4.9.tgz",
      "integrity": "sha512-xi48InkEODObDBGldFcFxINMeL3zSW9bIYfKCuL2gVHIy1qB/xNec/8Rq0fTWQpoM2daGDFGQuZWjaZzQcNR4A=="
    },
    "@interactjs/reflow": {
      "version": "1.4.9",
      "resolved": "https://registry.npmjs.org/@interactjs/reflow/-/reflow-1.4.9.tgz",
      "integrity": "sha512-iLer8gIWgD6DhRytYZNre4lBgHehIcxL7dwRB/SP40oPviLoN3ZeknvuIeYrzHKAZpAztWeHr8/CuHhQ9leNGw=="
    },
    "@interactjs/types": {
      "version": "1.4.9",
      "resolved": "https://registry.npmjs.org/@interactjs/types/-/types-1.4.9.tgz",
      "integrity": "sha512-LYCHW9ic9M4vWKcfc4hDO0UC8Ca1yJqjN1YACpmpBYuploS/pzShei/5U1fAbcrUMbxa/bBlXq9tAl7t5bd0mw==",
      "requires": {
        "@interactjs/actions": "1.4.9",
        "@interactjs/auto-scroll": "1.4.9",
        "@interactjs/auto-start": "1.4.9",
        "@interactjs/core": "1.4.9",
        "@interactjs/dev-tools": "1.4.9",
        "@interactjs/inertia": "1.4.9",
        "@interactjs/interact": "1.4.9",
        "@interactjs/modifiers": "1.4.9",
        "@interactjs/pointer-events": "1.4.9",
        "@interactjs/reflow": "1.4.9",
        "@interactjs/utils": "1.4.9"
      }
    },
    "@interactjs/utils": {
      "version": "1.4.9",
      "resolved": "https://registry.npmjs.org/@interactjs/utils/-/utils-1.4.9.tgz",
      "integrity": "sha512-ojQRJfSgvMh7aaZVhd2MDAXhVPT0ogrWwzKHR1jgv9611ji7k/eNshx3JO1SJCpLY0cMuJ0YHreprT3IMZ/vpw=="
    },
    "@stencil/core": {
      "version": "1.0.0-beta.8",
      "resolved": "https://registry.npmjs.org/@stencil/core/-/core-1.0.0-beta.8.tgz",
      "integrity": "sha512-iUeSVJL6lw7Q5gRI/2rKcZkvSd8XfvUvJLjgEH7292usWgfu4sDbjF5r45CmJa1GpsnXSyNZb3e4XWW2mWIr9Q==",
      "dev": true,
      "requires": {
        "typescript": "3.5.1"
      }
    },
    "interactjs": {
      "version": "1.4.9",
      "resolved": "https://registry.npmjs.org/interactjs/-/interactjs-1.4.9.tgz",
      "integrity": "sha512-brMOhTU7kMt1m2cPRfO7beebmrLTpQyF4LxxfjPKTxY9duCwJeCW05T8xhraZfhn5EItgzeH066D6A4eA6VfBw==",
      "requires": {
        "@interactjs/types": "1.4.9"
      }
    },
    "typescript": {
      "version": "3.5.1",
      "resolved": "https://registry.npmjs.org/typescript/-/typescript-3.5.1.tgz",
      "integrity": "sha512-64HkdiRv1yYZsSe4xC1WVgamNigVYjlssIoaH2HcZF0+ijsk5YK2g0G34w9wJkze8+5ow4STd22AynfO6ZYYLw==",
      "dev": true
    }
  }
}
